// !$*UTF8*$!
{
	archiveVersion = 1;
	classes = {
	};
	objectVersion = 56;
	objects = {

/* Begin PBXBuildFile section */
		042C8E4B2A23A1A700DB99D5 /* Product.swift in Sources */ = {isa = PBXBuildFile; fileRef = 042C8E4A2A23A1A700DB99D5 /* Product.swift */; };
		042C8E4D2A23A68000DB99D5 /* APIManager.swift in Sources */ = {isa = PBXBuildFile; fileRef = 042C8E4C2A23A68000DB99D5 /* APIManager.swift */; };
		042C8E4F2A23C2E800DB99D5 /* Constant.swift in Sources */ = {isa = PBXBuildFile; fileRef = 042C8E4E2A23C2E800DB99D5 /* Constant.swift */; };
		045BAB0C2A2799E4004BD18E /* Kingfisher in Frameworks */ = {isa = PBXBuildFile; productRef = 045BAB0B2A2799E4004BD18E /* Kingfisher */; };
		045BAB0E2A279A55004BD18E /* UIImageView + Extension.swift in Sources */ = {isa = PBXBuildFile; fileRef = 045BAB0D2A279A55004BD18E /* UIImageView + Extension.swift */; };
		046F92632A2063EA00066FFA /* AppDelegate.swift in Sources */ = {isa = PBXBuildFile; fileRef = 046F92622A2063EA00066FFA /* AppDelegate.swift */; };
		046F92652A2063EA00066FFA /* SceneDelegate.swift in Sources */ = {isa = PBXBuildFile; fileRef = 046F92642A2063EA00066FFA /* SceneDelegate.swift */; };
		046F926A2A2063EA00066FFA /* Main.storyboard in Resources */ = {isa = PBXBuildFile; fileRef = 046F92682A2063EA00066FFA /* Main.storyboard */; };
		046F926C2A2063EC00066FFA /* Assets.xcassets in Resources */ = {isa = PBXBuildFile; fileRef = 046F926B2A2063EC00066FFA /* Assets.xcassets */; };
		046F926F2A2063EC00066FFA /* LaunchScreen.storyboard in Resources */ = {isa = PBXBuildFile; fileRef = 046F926D2A2063EC00066FFA /* LaunchScreen.storyboard */; };
		047DE9A32A25B59700B27571 /* ProductListViewController.swift in Sources */ = {isa = PBXBuildFile; fileRef = 047DE9A22A25B59700B27571 /* ProductListViewController.swift */; };
		047DE9A52A25BAE800B27571 /* ProductViewModel.swift in Sources */ = {isa = PBXBuildFile; fileRef = 047DE9A42A25BAE800B27571 /* ProductViewModel.swift */; };
		049C0A552A2716AA00AC6DCF /* ProductCell.swift in Sources */ = {isa = PBXBuildFile; fileRef = 049C0A532A2716AA00AC6DCF /* ProductCell.swift */; };
		049C0A562A2716AA00AC6DCF /* ProductCell.xib in Resources */ = {isa = PBXBuildFile; fileRef = 049C0A542A2716AA00AC6DCF /* ProductCell.xib */; };
		04CC14EE2A28762A00ECCB19 /* EndPointType.swift in Sources */ = {isa = PBXBuildFile; fileRef = 04CC14ED2A28762A00ECCB19 /* EndPointType.swift */; };
/* End PBXBuildFile section */

/* Begin PBXFileReference section */
		042C8E4A2A23A1A700DB99D5 /* Product.swift */ = {isa = PBXFileReference; lastKnownFileType = sourcecode.swift; path = Product.swift; sourceTree = "<group>"; };
		042C8E4C2A23A68000DB99D5 /* APIManager.swift */ = {isa = PBXFileReference; lastKnownFileType = sourcecode.swift; path = APIManager.swift; sourceTree = "<group>"; };
		042C8E4E2A23C2E800DB99D5 /* Constant.swift */ = {isa = PBXFileReference; lastKnownFileType = sourcecode.swift; path = Constant.swift; sourceTree = "<group>"; };
		045BAB0D2A279A55004BD18E /* UIImageView + Extension.swift */ = {isa = PBXFileReference; lastKnownFileType = sourcecode.swift; path = "UIImageView + Extension.swift"; sourceTree = "<group>"; };
		046F925F2A2063EA00066FFA /* MVVM Products.app */ = {isa = PBXFileReference; explicitFileType = wrapper.application; includeInIndex = 0; path = "MVVM Products.app"; sourceTree = BUILT_PRODUCTS_DIR; };
		046F92622A2063EA00066FFA /* AppDelegate.swift */ = {isa = PBXFileReference; lastKnownFileType = sourcecode.swift; path = AppDelegate.swift; sourceTree = "<group>"; };
		046F92642A2063EA00066FFA /* SceneDelegate.swift */ = {isa = PBXFileReference; lastKnownFileType = sourcecode.swift; path = SceneDelegate.swift; sourceTree = "<group>"; };
		046F92692A2063EA00066FFA /* Base */ = {isa = PBXFileReference; lastKnownFileType = file.storyboard; name = Base; path = Base.lproj/Main.storyboard; sourceTree = "<group>"; };
		046F926B2A2063EC00066FFA /* Assets.xcassets */ = {isa = PBXFileReference; lastKnownFileType = folder.assetcatalog; path = Assets.xcassets; sourceTree = "<group>"; };
		046F926E2A2063EC00066FFA /* Base */ = {isa = PBXFileReference; lastKnownFileType = file.storyboard; name = Base; path = Base.lproj/LaunchScreen.storyboard; sourceTree = "<group>"; };
		046F92702A2063EC00066FFA /* Info.plist */ = {isa = PBXFileReference; lastKnownFileType = text.plist.xml; path = Info.plist; sourceTree = "<group>"; };
		047DE9A22A25B59700B27571 /* ProductListViewController.swift */ = {isa = PBXFileReference; lastKnownFileType = sourcecode.swift; path = ProductListViewController.swift; sourceTree = "<group>"; };
		047DE9A42A25BAE800B27571 /* ProductViewModel.swift */ = {isa = PBXFileReference; lastKnownFileType = sourcecode.swift; path = ProductViewModel.swift; sourceTree = "<group>"; };
		049C0A532A2716AA00AC6DCF /* ProductCell.swift */ = {isa = PBXFileReference; lastKnownFileType = sourcecode.swift; path = ProductCell.swift; sourceTree = "<group>"; };
		049C0A542A2716AA00AC6DCF /* ProductCell.xib */ = {isa = PBXFileReference; lastKnownFileType = file.xib; path = ProductCell.xib; sourceTree = "<group>"; };
		04CC14ED2A28762A00ECCB19 /* EndPointType.swift */ = {isa = PBXFileReference; lastKnownFileType = sourcecode.swift; path = EndPointType.swift; sourceTree = "<group>"; };
/* End PBXFileReference section */

/* Begin PBXFrameworksBuildPhase section */
		046F925C2A2063EA00066FFA /* Frameworks */ = {
			isa = PBXFrameworksBuildPhase;
			buildActionMask = 2147483647;
			files = (
				045BAB0C2A2799E4004BD18E /* Kingfisher in Frameworks */,
			);
			runOnlyForDeploymentPostprocessing = 0;
		};
/* End PBXFrameworksBuildPhase section */

/* Begin PBXGroup section */
		046F92562A2063EA00066FFA = {
			isa = PBXGroup;
			children = (
				046F92612A2063EA00066FFA /* MVVM Products */,
				046F92602A2063EA00066FFA /* Products */,
			);
			sourceTree = "<group>";
		};
		046F92602A2063EA00066FFA /* Products */ = {
			isa = PBXGroup;
			children = (
				046F925F2A2063EA00066FFA /* MVVM Products.app */,
			);
			name = Products;
			sourceTree = "<group>";
		};
		046F92612A2063EA00066FFA /* MVVM Products */ = {
			isa = PBXGroup;
			children = (
				046F927B2A20643500066FFA /* Application */,
				046F92792A20642E00066FFA /* Constant */,
				046F927A2A20643100066FFA /* Extensions */,
				04CC14EC2A2875ED00ECCB19 /* Utility */,
				046F92782A20642B00066FFA /* Helper */,
				046F92772A20642400066FFA /* Screens */,
				046F927D2A2064A500066FFA /* Storyboard */,
				046F92762A20641600066FFA /* Resources */,
				046F92702A2063EC00066FFA /* Info.plist */,
			);
			path = "MVVM Products";
			sourceTree = "<group>";
		};
		046F92762A20641600066FFA /* Resources */ = {
			isa = PBXGroup;
			children = (
				046F926B2A2063EC00066FFA /* Assets.xcassets */,
			);
			path = Resources;
			sourceTree = "<group>";
		};
		046F92772A20642400066FFA /* Screens */ = {
			isa = PBXGroup;
			children = (
				046F927E2A20652A00066FFA /* Product */,
			);
			path = Screens;
			sourceTree = "<group>";
		};
		046F92782A20642B00066FFA /* Helper */ = {
			isa = PBXGroup;
			children = (
				042C8E4C2A23A68000DB99D5 /* APIManager.swift */,
			);
			path = Helper;
			sourceTree = "<group>";
		};
		046F92792A20642E00066FFA /* Constant */ = {
			isa = PBXGroup;
			children = (
				042C8E4E2A23C2E800DB99D5 /* Constant.swift */,
			);
			path = Constant;
			sourceTree = "<group>";
		};
		046F927A2A20643100066FFA /* Extensions */ = {
			isa = PBXGroup;
			children = (
				045BAB0D2A279A55004BD18E /* UIImageView + Extension.swift */,
			);
			path = Extensions;
			sourceTree = "<group>";
		};
		046F927B2A20643500066FFA /* Application */ = {
			isa = PBXGroup;
			children = (
				046F92642A2063EA00066FFA /* SceneDelegate.swift */,
				046F92622A2063EA00066FFA /* AppDelegate.swift */,
			);
			path = Application;
			sourceTree = "<group>";
		};
		046F927D2A2064A500066FFA /* Storyboard */ = {
			isa = PBXGroup;
			children = (
				046F92682A2063EA00066FFA /* Main.storyboard */,
				046F926D2A2063EC00066FFA /* LaunchScreen.storyboard */,
			);
			path = Storyboard;
			sourceTree = "<group>";
		};
		046F927E2A20652A00066FFA /* Product */ = {
			isa = PBXGroup;
			children = (
				046F92812A20655900066FFA /* Model */,
				046F92802A20655700066FFA /* View */,
				046F927F2A20655400066FFA /* ViewModel */,
			);
			path = Product;
			sourceTree = "<group>";
		};
		046F927F2A20655400066FFA /* ViewModel */ = {
			isa = PBXGroup;
			children = (
				047DE9A42A25BAE800B27571 /* ProductViewModel.swift */,
			);
			path = ViewModel;
			sourceTree = "<group>";
		};
		046F92802A20655700066FFA /* View */ = {
			isa = PBXGroup;
			children = (
				047DE9A22A25B59700B27571 /* ProductListViewController.swift */,
				049C0A532A2716AA00AC6DCF /* ProductCell.swift */,
				049C0A542A2716AA00AC6DCF /* ProductCell.xib */,
			);
			path = View;
			sourceTree = "<group>";
		};
		046F92812A20655900066FFA /* Model */ = {
			isa = PBXGroup;
			children = (
				042C8E4A2A23A1A700DB99D5 /* Product.swift */,
			);
			path = Model;
			sourceTree = "<group>";
		};
		04CC14EC2A2875ED00ECCB19 /* Utility */ = {
			isa = PBXGroup;
			children = (
				04CC14ED2A28762A00ECCB19 /* EndPointType.swift */,
			);
			path = Utility;
			sourceTree = "<group>";
		};
/* End PBXGroup section */

/* Begin PBXNativeTarget section */
		046F925E2A2063EA00066FFA /* MVVM Products */ = {
			isa = PBXNativeTarget;
			buildConfigurationList = 046F92732A2063EC00066FFA /* Build configuration list for PBXNativeTarget "MVVM Products" */;
			buildPhases = (
				046F925B2A2063EA00066FFA /* Sources */,
				046F925C2A2063EA00066FFA /* Frameworks */,
				046F925D2A2063EA00066FFA /* Resources */,
			);
			buildRules = (
			);
			dependencies = (
			);
			name = "MVVM Products";
			packageProductDependencies = (
				045BAB0B2A2799E4004BD18E /* Kingfisher */,
			);
			productName = "MVVM Products";
			productReference = 046F925F2A2063EA00066FFA /* MVVM Products.app */;
			productType = "com.apple.product-type.application";
		};
/* End PBXNativeTarget section */

/* Begin PBXProject section */
		046F92572A2063EA00066FFA /* Project object */ = {
			isa = PBXProject;
			attributes = {
				BuildIndependentTargetsInParallel = 1;
				LastSwiftUpdateCheck = 1410;
				LastUpgradeCheck = 1410;
				TargetAttributes = {
					046F925E2A2063EA00066FFA = {
						CreatedOnToolsVersion = 14.1;
					};
				};
			};
			buildConfigurationList = 046F925A2A2063EA00066FFA /* Build configuration list for PBXProject "MVVM Products" */;
			compatibilityVersion = "Xcode 14.0";
			developmentRegion = en;
			hasScannedForEncodings = 0;
			knownRegions = (
				en,
				Base,
			);
			mainGroup = 046F92562A2063EA00066FFA;
			packageReferences = (
				045BAB0A2A2799E4004BD18E /* XCRemoteSwiftPackageReference "Kingfisher" */,
			);
			productRefGroup = 046F92602A2063EA00066FFA /* Products */;
			projectDirPath = "";
			projectRoot = "";
			targets = (
				046F925E2A2063EA00066FFA /* MVVM Products */,
			);
		};
/* End PBXProject section */

/* Begin PBXResourcesBuildPhase section */
		046F925D2A2063EA00066FFA /* Resources */ = {
			isa = PBXResourcesBuildPhase;
			buildActionMask = 2147483647;
			files = (
				046F926F2A2063EC00066FFA /* LaunchScreen.storyboard in Resources */,
				049C0A562A2716AA00AC6DCF /* ProductCell.xib in Resources */,
				046F926C2A2063EC00066FFA /* Assets.xcassets in Resources */,
				046F926A2A2063EA00066FFA /* Main.storyboard in Resources */,
			);
			runOnlyForDeploymentPostprocessing = 0;
		};
/* End PBXResourcesBuildPhase section */

/* Begin PBXSourcesBuildPhase section */
		046F925B2A2063EA00066FFA /* Sources */ = {
			isa = PBXSourcesBuildPhase;
			buildActionMask = 2147483647;
			files = (
				045BAB0E2A279A55004BD18E /* UIImageView + Extension.swift in Sources */,
				047DE9A52A25BAE800B27571 /* ProductViewModel.swift in Sources */,
				042C8E4D2A23A68000DB99D5 /* APIManager.swift in Sources */,
				046F92632A2063EA00066FFA /* AppDelegate.swift in Sources */,
				042C8E4F2A23C2E800DB99D5 /* Constant.swift in Sources */,
				046F92652A2063EA00066FFA /* SceneDelegate.swift in Sources */,
				049C0A552A2716AA00AC6DCF /* ProductCell.swift in Sources */,
				047DE9A32A25B59700B27571 /* ProductListViewController.swift in Sources */,
				04CC14EE2A28762A00ECCB19 /* EndPointType.swift in Sources */,
				042C8E4B2A23A1A700DB99D5 /* Product.swift in Sources */,
			);
			runOnlyForDeploymentPostprocessing = 0;
		};
/* End PBXSourcesBuildPhase section */

/* Begin PBXVariantGroup section */
		046F92682A2063EA00066FFA /* Main.storyboard */ = {
			isa = PBXVariantGroup;
			children = (
				046F92692A2063EA00066FFA /* Base */,
			);
			name = Main.storyboard;
			sourceTree = "<group>";
		};
		046F926D2A2063EC00066FFA /* LaunchScreen.storyboard */ = {
			isa = PBXVariantGroup;
			children = (
				046F926E2A2063EC00066FFA /* Base */,
			);
			name = LaunchScreen.storyboard;
			sourceTree = "<group>";
		};
/* End PBXVariantGroup section */

/* Begin XCBuildConfiguration section */
		046F92712A2063EC00066FFA /* Debug */ = {
			isa = XCBuildConfiguration;
			buildSettings = {
				ALWAYS_SEARCH_USER_PATHS = NO;
				CLANG_ANALYZER_NONNULL = YES;
				CLANG_ANALYZER_NUMBER_OBJECT_CONVERSION = YES_AGGRESSIVE;
				CLANG_CXX_LANGUAGE_STANDARD = "gnu++20";
				CLANG_ENABLE_MODULES = YES;
				CLANG_ENABLE_OBJC_ARC = YES;
				CLANG_ENABLE_OBJC_WEAK = YES;
				CLANG_WARN_BLOCK_CAPTURE_AUTORELEASING = YES;
				CLANG_WARN_BOOL_CONVERSION = YES;
				CLANG_WARN_COMMA = YES;
				CLANG_WARN_CONSTANT_CONVERSION = YES;
				CLANG_WARN_DEPRECATED_OBJC_IMPLEMENTATIONS = YES;
				CLANG_WARN_DIRECT_OBJC_ISA_USAGE = YES_ERROR;
				CLANG_WARN_DOCUMENTATION_COMMENTS = YES;
				CLANG_WARN_EMPTY_BODY = YES;
				CLANG_WARN_ENUM_CONVERSION = YES;
				CLANG_WARN_INFINITE_RECURSION = YES;
				CLANG_WARN_INT_CONVERSION = YES;
				CLANG_WARN_NON_LITERAL_NULL_CONVERSION = YES;
				CLANG_WARN_OBJC_IMPLICIT_RETAIN_SELF = YES;
				CLANG_WARN_OBJC_LITERAL_CONVERSION = YES;
				CLANG_WARN_OBJC_ROOT_CLASS = YES_ERROR;
				CLANG_WARN_QUOTED_INCLUDE_IN_FRAMEWORK_HEADER = YES;
				CLANG_WARN_RANGE_LOOP_ANALYSIS = YES;
				CLANG_WARN_STRICT_PROTOTYPES = YES;
				CLANG_WARN_SUSPICIOUS_MOVE = YES;
				CLANG_WARN_UNGUARDED_AVAILABILITY = YES_AGGRESSIVE;
				CLANG_WARN_UNREACHABLE_CODE = YES;
				CLANG_WARN__DUPLICATE_METHOD_MATCH = YES;
				COPY_PHASE_STRIP = NO;
				DEBUG_INFORMATION_FORMAT = dwarf;
				ENABLE_STRICT_OBJC_MSGSEND = YES;
				ENABLE_TESTABILITY = YES;
				GCC_C_LANGUAGE_STANDARD = gnu11;
				GCC_DYNAMIC_NO_PIC = NO;
				GCC_NO_COMMON_BLOCKS = YES;
				GCC_OPTIMIZATION_LEVEL = 0;
				GCC_PREPROCESSOR_DEFINITIONS = (
					"DEBUG=1",
					"$(inherited)",
				);
				GCC_WARN_64_TO_32_BIT_CONVERSION = YES;
				GCC_WARN_ABOUT_RETURN_TYPE = YES_ERROR;
				GCC_WARN_UNDECLARED_SELECTOR = YES;
				GCC_WARN_UNINITIALIZED_AUTOS = YES_AGGRESSIVE;
				GCC_WARN_UNUSED_FUNCTION = YES;
				GCC_WARN_UNUSED_VARIABLE = YES;
				IPHONEOS_DEPLOYMENT_TARGET = 16.1;
				MTL_ENABLE_DEBUG_INFO = INCLUDE_SOURCE;
				MTL_FAST_MATH = YES;
				ONLY_ACTIVE_ARCH = YES;
				SDKROOT = iphoneos;
				SWIFT_ACTIVE_COMPILATION_CONDITIONS = DEBUG;
				SWIFT_OPTIMIZATION_LEVEL = "-Onone";
			};
			name = Debug;
		};
		046F92722A2063EC00066FFA /* Release */ = {
			isa = XCBuildConfiguration;
			buildSettings = {
				ALWAYS_SEARCH_USER_PATHS = NO;
				CLANG_ANALYZER_NONNULL = YES;
				CLANG_ANALYZER_NUMBER_OBJECT_CONVERSION = YES_AGGRESSIVE;
				CLANG_CXX_LANGUAGE_STANDARD = "gnu++20";
				CLANG_ENABLE_MODULES = YES;
				CLANG_ENABLE_OBJC_ARC = YES;
				CLANG_ENABLE_OBJC_WEAK = YES;
				CLANG_WARN_BLOCK_CAPTURE_AUTORELEASING = YES;
				CLANG_WARN_BOOL_CONVERSION = YES;
				CLANG_WARN_COMMA = YES;
				CLANG_WARN_CONSTANT_CONVERSION = YES;
				CLANG_WARN_DEPRECATED_OBJC_IMPLEMENTATIONS = YES;
				CLANG_WARN_DIRECT_OBJC_ISA_USAGE = YES_ERROR;
				CLANG_WARN_DOCUMENTATION_COMMENTS = YES;
				CLANG_WARN_EMPTY_BODY = YES;
				CLANG_WARN_ENUM_CONVERSION = YES;
				CLANG_WARN_INFINITE_RECURSION = YES;
				CLANG_WARN_INT_CONVERSION = YES;
				CLANG_WARN_NON_LITERAL_NULL_CONVERSION = YES;
				CLANG_WARN_OBJC_IMPLICIT_RETAIN_SELF = YES;
				CLANG_WARN_OBJC_LITERAL_CONVERSION = YES;
				CLANG_WARN_OBJC_ROOT_CLASS = YES_ERROR;
				CLANG_WARN_QUOTED_INCLUDE_IN_FRAMEWORK_HEADER = YES;
				CLANG_WARN_RANGE_LOOP_ANALYSIS = YES;
				CLANG_WARN_STRICT_PROTOTYPES = YES;
				CLANG_WARN_SUSPICIOUS_MOVE = YES;
				CLANG_WARN_UNGUARDED_AVAILABILITY = YES_AGGRESSIVE;
				CLANG_WARN_UNREACHABLE_CODE = YES;
				CLANG_WARN__DUPLICATE_METHOD_MATCH = YES;
				COPY_PHASE_STRIP = NO;
				DEBUG_INFORMATION_FORMAT = "dwarf-with-dsym";
				ENABLE_NS_ASSERTIONS = NO;
				ENABLE_STRICT_OBJC_MSGSEND = YES;
				GCC_C_LANGUAGE_STANDARD = gnu11;
				GCC_NO_COMMON_BLOCKS = YES;
				GCC_WARN_64_TO_32_BIT_CONVERSION = YES;
				GCC_WARN_ABOUT_RETURN_TYPE = YES_ERROR;
				GCC_WARN_UNDECLARED_SELECTOR = YES;
				GCC_WARN_UNINITIALIZED_AUTOS = YES_AGGRESSIVE;
				GCC_WARN_UNUSED_FUNCTION = YES;
				GCC_WARN_UNUSED_VARIABLE = YES;
				IPHONEOS_DEPLOYMENT_TARGET = 16.1;
				MTL_ENABLE_DEBUG_INFO = NO;
				MTL_FAST_MATH = YES;
				SDKROOT = iphoneos;
				SWIFT_COMPILATION_MODE = wholemodule;
				SWIFT_OPTIMIZATION_LEVEL = "-O";
				VALIDATE_PRODUCT = YES;
			};
			name = Release;
		};
		046F92742A2063EC00066FFA /* Debug */ = {
			isa = XCBuildConfiguration;
			buildSettings = {
				ASSETCATALOG_COMPILER_APPICON_NAME = AppIcon;
				ASSETCATALOG_COMPILER_GLOBAL_ACCENT_COLOR_NAME = AccentColor;
				CODE_SIGN_STYLE = Automatic;
				CURRENT_PROJECT_VERSION = 1;
				DEVELOPMENT_TEAM = 3KB9H7FNZB;
				GENERATE_INFOPLIST_FILE = YES;
				INFOPLIST_FILE = "MVVM Products/Info.plist";
				INFOPLIST_KEY_UIApplicationSupportsIndirectInputEvents = YES;
				INFOPLIST_KEY_UILaunchStoryboardName = LaunchScreen;
				INFOPLIST_KEY_UIMainStoryboardFile = Main;
				INFOPLIST_KEY_UISupportedInterfaceOrientations_iPad = "UIInterfaceOrientationPortrait UIInterfaceOrientationPortraitUpsideDown UIInterfaceOrientationLandscapeLeft UIInterfaceOrientationLandscapeRight";
				INFOPLIST_KEY_UISupportedInterfaceOrientations_iPhone = "UIInterfaceOrientationPortrait UIInterfaceOrientationLandscapeLeft UIInterfaceOrientationLandscapeRight";
				LD_RUNPATH_SEARCH_PATHS = (
					"$(inherited)",
					"@executable_path/Frameworks",
				);
				MARKETING_VERSION = 1.0;
				PRODUCT_BUNDLE_IDENTIFIER = "com.sadia.MVVM-Products";
				PRODUCT_NAME = "$(TARGET_NAME)";
				SWIFT_EMIT_LOC_STRINGS = YES;
				SWIFT_VERSION = 5.0;
				TARGETED_DEVICE_FAMILY = "1,2";
			};
			name = Debug;
		};
		046F92752A2063EC00066FFA /* Release */ = {
			isa = XCBuildConfiguration;
			buildSettings = {
				ASSETCATALOG_COMPILER_APPICON_NAME = AppIcon;
				ASSETCATALOG_COMPILER_GLOBAL_ACCENT_COLOR_NAME = AccentColor;
				CODE_SIGN_STYLE = Automatic;
				CURRENT_PROJECT_VERSION = 1;
				DEVELOPMENT_TEAM = 3KB9H7FNZB;
				GENERATE_INFOPLIST_FILE = YES;
				INFOPLIST_FILE = "MVVM Products/Info.plist";
				INFOPLIST_KEY_UIApplicationSupportsIndirectInputEvents = YES;
				INFOPLIST_KEY_UILaunchStoryboardName = LaunchScreen;
				INFOPLIST_KEY_UIMainStoryboardFile = Main;
				INFOPLIST_KEY_UISupportedInterfaceOrientations_iPad = "UIInterfaceOrientationPortrait UIInterfaceOrientationPortraitUpsideDown UIInterfaceOrientationLandscapeLeft UIInterfaceOrientationLandscapeRight";
				INFOPLIST_KEY_UISupportedInterfaceOrientations_iPhone = "UIInterfaceOrientationPortrait UIInterfaceOrientationLandscapeLeft UIInterfaceOrientationLandscapeRight";
				LD_RUNPATH_SEARCH_PATHS = (
					"$(inherited)",
					"@executable_path/Frameworks",
				);
				MARKETING_VERSION = 1.0;
				PRODUCT_BUNDLE_IDENTIFIER = "com.sadia.MVVM-Products";
				PRODUCT_NAME = "$(TARGET_NAME)";
				SWIFT_EMIT_LOC_STRINGS = YES;
				SWIFT_VERSION = 5.0;
				TARGETED_DEVICE_FAMILY = "1,2";
			};
			name = Release;
		};
/* End XCBuildConfiguration section */

/* Begin XCConfigurationList section */
		046F925A2A2063EA00066FFA /* Build configuration list for PBXProject "MVVM Products" */ = {
			isa = XCConfigurationList;
			buildConfigurations = (
				046F92712A2063EC00066FFA /* Debug */,
				046F92722A2063EC00066FFA /* Release */,
			);
			defaultConfigurationIsVisible = 0;
			defaultConfigurationName = Release;
		};
		046F92732A2063EC00066FFA /* Build configuration list for PBXNativeTarget "MVVM Products" */ = {
			isa = XCConfigurationList;
			buildConfigurations = (
				046F92742A2063EC00066FFA /* Debug */,
				046F92752A2063EC00066FFA /* Release */,
			);
			defaultConfigurationIsVisible = 0;
			defaultConfigurationName = Release;
		};
/* End XCConfigurationList section */

/* Begin XCRemoteSwiftPackageReference section */
		045BAB0A2A2799E4004BD18E /* XCRemoteSwiftPackageReference "Kingfisher" */ = {
			isa = XCRemoteSwiftPackageReference;
			repositoryURL = "https://github.com/onevcat/Kingfisher.git";
			requirement = {
				kind = upToNextMajorVersion;
				minimumVersion = 7.0.0;
			};
		};
/* End XCRemoteSwiftPackageReference section */

/* Begin XCSwiftPackageProductDependency section */
		045BAB0B2A2799E4004BD18E /* Kingfisher */ = {
			isa = XCSwiftPackageProductDependency;
			package = 045BAB0A2A2799E4004BD18E /* XCRemoteSwiftPackageReference "Kingfisher" */;
			productName = Kingfisher;
		};
/* End XCSwiftPackageProductDependency section */
	};
	rootObject = 046F92572A2063EA00066FFA /* Project object */;
}
